// !$*UTF8*$!
{
	archiveVersion = 1;
	classes = {
	};
	objectVersion = 46;
	objects = {

/* Begin PBXBuildFile section */
		3EE17B2C1C1A105E00189FFB /* AppDelegate.swift in Sources */ = {isa = PBXBuildFile; fileRef = 3EE17B2B1C1A105E00189FFB /* AppDelegate.swift */; };
		3EE17B2E1C1A105E00189FFB /* ViewController.swift in Sources */ = {isa = PBXBuildFile; fileRef = 3EE17B2D1C1A105E00189FFB /* ViewController.swift */; };
		3EE17B311C1A105E00189FFB /* Main.storyboard in Resources */ = {isa = PBXBuildFile; fileRef = 3EE17B2F1C1A105E00189FFB /* Main.storyboard */; };
		3EE17B331C1A105E00189FFB /* Assets.xcassets in Resources */ = {isa = PBXBuildFile; fileRef = 3EE17B321C1A105E00189FFB /* Assets.xcassets */; };
		3EE17B361C1A105E00189FFB /* LaunchScreen.storyboard in Resources */ = {isa = PBXBuildFile; fileRef = 3EE17B341C1A105E00189FFB /* LaunchScreen.storyboard */; };
/* End PBXBuildFile section */

/* Begin PBXFileReference section */
		3EE17B281C1A105E00189FFB /* BristlePaint.app */ = {isa = PBXFileReference; explicitFileType = wrapper.application; includeInIndex = 0; path = BristlePaint.app; sourceTree = BUILT_PRODUCTS_DIR; };
		3EE17B2B1C1A105E00189FFB /* AppDelegate.swift */ = {isa = PBXFileReference; lastKnownFileType = sourcecode.swift; path = AppDelegate.swift; sourceTree = "<group>"; };
		3EE17B2D1C1A105E00189FFB /* ViewController.swift */ = {isa = PBXFileReference; lastKnownFileType = sourcecode.swift; path = ViewController.swift; sourceTree = "<group>"; };
		3EE17B301C1A105E00189FFB /* Base */ = {isa = PBXFileReference; lastKnownFileType = file.storyboard; name = Base; path = Base.lproj/Main.storyboard; sourceTree = "<group>"; };
		3EE17B321C1A105E00189FFB /* Assets.xcassets */ = {isa = PBXFileReference; lastKnownFileType = folder.assetcatalog; path = Assets.xcassets; sourceTree = "<group>"; };
		3EE17B351C1A105E00189FFB /* Base */ = {isa = PBXFileReference; lastKnownFileType = file.storyboard; name = Base; path = Base.lproj/LaunchScreen.storyboard; sourceTree = "<group>"; };
		3EE17B371C1A105E00189FFB /* Info.plist */ = {isa = PBXFileReference; lastKnownFileType = text.plist.xml; path = Info.plist; sourceTree = "<group>"; };
/* End PBXFileReference section */

/* Begin PBXFrameworksBuildPhase section */
		3EE17B251C1A105E00189FFB /* Frameworks */ = {
			isa = PBXFrameworksBuildPhase;
			buildActionMask = 2147483647;
			files = (
			);
			runOnlyForDeploymentPostprocessing = 0;
		};
/* End PBXFrameworksBuildPhase section */

/* Begin PBXGroup section */
		3EE17B1F1C1A105E00189FFB = {
			isa = PBXGroup;
			children = (
				3EE17B2A1C1A105E00189FFB /* BristlePaint */,
				3EE17B291C1A105E00189FFB /* Products */,
			);
			sourceTree = "<group>";
		};
		3EE17B291C1A105E00189FFB /* Products */ = {
			isa = PBXGroup;
			children = (
				3EE17B281C1A105E00189FFB /* BristlePaint.app */,
			);
			name = Products;
			sourceTree = "<group>";
		};
		3EE17B2A1C1A105E00189FFB /* BristlePaint */ = {
			isa = PBXGroup;
			children = (
				3EE17B2B1C1A105E00189FFB /* AppDelegate.swift */,
				3EE17B2D1C1A105E00189FFB /* ViewController.swift */,
				3EE17B2F1C1A105E00189FFB /* Main.storyboard */,
				3EE17B321C1A105E00189FFB /* Assets.xcassets */,
				3EE17B341C1A105E00189FFB /* LaunchScreen.storyboard */,
				3EE17B371C1A105E00189FFB /* Info.plist */,
			);
			path = BristlePaint;
			sourceTree = "<group>";
		};
/* End PBXGroup section */

/* Begin PBXNativeTarget section */
		3EE17B271C1A105E00189FFB /* BristlePaint */ = {
			isa = PBXNativeTarget;
			buildConfigurationList = 3EE17B3A1C1A105E00189FFB /* Build configuration list for PBXNativeTarget "BristlePaint" */;
			buildPhases = (
				3EE17B241C1A105E00189FFB /* Sources */,
				3EE17B251C1A105E00189FFB /* Frameworks */,
				3EE17B261C1A105E00189FFB /* Resources */,
			);
			buildRules = (
			);
			dependencies = (
			);
			name = BristlePaint;
			productName = BristlePaint;
			productReference = 3EE17B281C1A105E00189FFB /* BristlePaint.app */;
			productType = "com.apple.product-type.application";
		};
/* End PBXNativeTarget section */

/* Begin PBXProject section */
		3EE17B201C1A105E00189FFB /* Project object */ = {
			isa = PBXProject;
			attributes = {
				LastSwiftUpdateCheck = 0720;
				LastUpgradeCheck = 0720;
				ORGANIZATIONNAME = "Simon Gladman";
				TargetAttributes = {
					3EE17B271C1A105E00189FFB = {
						CreatedOnToolsVersion = 7.2;
					};
				};
			};
			buildConfigurationList = 3EE17B231C1A105E00189FFB /* Build configuration list for PBXProject "BristlePaint" */;
			compatibilityVersion = "Xcode 3.2";
			developmentRegion = English;
			hasScannedForEncodings = 0;
			knownRegions = (
				en,
				Base,
			);
			mainGroup = 3EE17B1F1C1A105E00189FFB;
			productRefGroup = 3EE17B291C1A105E00189FFB /* Products */;
			projectDirPath = "";
			projectRoot = "";
			targets = (
				3EE17B271C1A105E00189FFB /* BristlePaint */,
			);
		};
/* End PBXProject section */

/* Begin PBXResourcesBuildPhase section */
		3EE17B261C1A105E00189FFB /* Resources */ = {
			isa = PBXResourcesBuildPhase;
			buildActionMask = 2147483647;
			files = (
				3EE17B361C1A105E00189FFB /* LaunchScreen.storyboard in Resources */,
				3EE17B331C1A105E00189FFB /* Assets.xcassets in Resources */,
				3EE17B311C1A105E00189FFB /* Main.storyboard in Resources */,
			);
			runOnlyForDeploymentPostprocessing = 0;
		};
/* End PBXResourcesBuildPhase section */

/* Begin PBXSourcesBuildPhase section */
		3EE17B241C1A105E00189FFB /* Sources */ = {
			isa = PBXSourcesBuildPhase;
			buildActionMask = 2147483647;
			files = (
				3EE17B2E1C1A105E00189FFB /* ViewController.swift in Sources */,
				3EE17B2C1C1A105E00189FFB /* AppDelegate.swift in Sources */,
			);
			runOnlyForDeploymentPostprocessing = 0;
		};
/* End PBXSourcesBuildPhase section */

/* Begin PBXVariantGroup section */
		3EE17B2F1C1A105E00189FFB /* Main.storyboard */ = {
			isa = PBXVariantGroup;
			children = (
				3EE17B301C1A105E00189FFB /* Base */,
			);
			name = Main.storyboard;
			sourceTree = "<group>";
		};
		3EE17B341C1A105E00189FFB /* LaunchScreen.storyboard */ = {
			isa = PBXVariantGroup;
			children = (
				3EE17B351C1A105E00189FFB /* Base */,
			);
			name = LaunchScreen.storyboard;
			sourceTree = "<group>";
		};
/* End PBXVariantGroup section */

/* Begin XCBuildConfiguration section */
		3EE17B381C1A105E00189FFB /* Debug */ = {
			isa = XCBuildConfiguration;
			buildSettings = {
				ALWAYS_SEARCH_USER_PATHS = NO;
				CLANG_CXX_LANGUAGE_STANDARD = "gnu++0x";
				CLANG_CXX_LIBRARY = "libc++";
				CLANG_ENABLE_MODULES = YES;
				CLANG_ENABLE_OBJC_ARC = YES;
				CLANG_WARN_BOOL_CONVERSION = YES;
				CLANG_WARN_CONSTANT_CONVERSION = YES;
				CLANG_WARN_DIRECT_OBJC_ISA_USAGE = YES_ERROR;
				CLANG_WARN_EMPTY_BODY = YES;
				CLANG_WARN_ENUM_CONVERSION = YES;
				CLANG_WARN_INT_CONVERSION = YES;
				CLANG_WARN_OBJC_ROOT_CLASS = YES_ERROR;
				CLANG_WARN_UNREACHABLE_CODE = YES;
				CLANG_WARN__DUPLICATE_METHOD_MATCH = YES;
				"CODE_SIGN_IDENTITY[sdk=iphoneos*]" = "iPhone Developer";
				COPY_PHASE_STRIP = NO;
				DEBUG_INFORMATION_FORMAT = dwarf;
				ENABLE_STRICT_OBJC_MSGSEND = YES;
				ENABLE_TESTABILITY = YES;
				GCC_C_LANGUAGE_STANDARD = gnu99;
				GCC_DYNAMIC_NO_PIC = NO;
				GCC_NO_COMMON_BLOCKS = YES;
				GCC_OPTIMIZATION_LEVEL = 0;
				GCC_PREPROCESSOR_DEFINITIONS = (
					"DEBUG=1",
					"$(inherited)",
				);
				GCC_WARN_64_TO_32_BIT_CONVERSION = YES;
				GCC_WARN_ABOUT_RETURN_TYPE = YES_ERROR;
				GCC_WARN_UNDECLARED_SELECTOR = YES;
				GCC_WARN_UNINITIALIZED_AUTOS = YES_AGGRESSIVE;
				GCC_WARN_UNUSED_FUNCTION = YES;
				GCC_WARN_UNUSED_VARIABLE = YES;
				IPHONEOS_DEPLOYMENT_TARGET = 9.2;
				MTL_ENABLE_DEBUG_INFO = YES;
				ONLY_ACTIVE_ARCH = YES;
				SDKROOT = iphoneos;
				SWIFT_OPTIMIZATION_LEVEL = "-Onone";
				TARGETED_DEVICE_FAMILY = 2;
			};
			name = Debug;
		};
		3EE17B391C1A105E00189FFB /* Release */ = {
			isa = XCBuildConfiguration;
			buildSettings = {
				ALWAYS_SEARCH_USER_PATHS = NO;
				CLANG_CXX_LANGUAGE_STANDARD = "gnu++0x";
				CLANG_CXX_LIBRARY = "libc++";
				CLANG_ENABLE_MODULES = YES;
				CLANG_ENABLE_OBJC_ARC = YES;
				CLANG_WARN_BOOL_CONVERSION = YES;
				CLANG_WARN_CONSTANT_CONVERSION = YES;
				CLANG_WARN_DIRECT_OBJC_ISA_USAGE = YES_ERROR;
				CLANG_WARN_EMPTY_BODY = YES;
				CLANG_WARN_ENUM_CONVERSION = YES;
				CLANG_WARN_INT_CONVERSION = YES;
				CLANG_WARN_OBJC_ROOT_CLASS = YES_ERROR;
				CLANG_WARN_UNREACHABLE_CODE = YES;
				CLANG_WARN__DUPLICATE_METHOD_MATCH = YES;
				"CODE_SIGN_IDENTITY[sdk=iphoneos*]" = "iPhone Developer";
				COPY_PHASE_STRIP = NO;
				DEBUG_INFORMATION_FORMAT = "dwarf-with-dsym";
				ENABLE_NS_ASSERTIONS = NO;
				ENABLE_STRICT_OBJC_MSGSEND = YES;
				GCC_C_LANGUAGE_STANDARD = gnu99;
				GCC_NO_COMMON_BLOCKS = YES;
				GCC_WARN_64_TO_32_BIT_CONVERSION = YES;
				GCC_WARN_ABOUT_RETURN_TYPE = YES_ERROR;
				GCC_WARN_UNDECLARED_SELECTOR = YES;
				GCC_WARN_UNINITIALIZED_AUTOS = YES_AGGRESSIVE;
				GCC_WARN_UNUSED_FUNCTION = YES;
				GCC_WARN_UNUSED_VARIABLE = YES;
				IPHONEOS_DEPLOYMENT_TARGET = 9.2;
				MTL_ENABLE_DEBUG_INFO = NO;
				SDKROOT = iphoneos;
				TARGETED_DEVICE_FAMILY = 2;
				VALIDATE_PRODUCT = YES;
			};
			name = Release;
		};
		3EE17B3B1C1A105E00189FFB /* Debug */ = {
			isa = XCBuildConfiguration;
			buildSettings = {
				ASSETCATALOG_COMPILER_APPICON_NAME = AppIcon;
				INFOPLIST_FILE = BristlePaint/Info.plist;
				LD_RUNPATH_SEARCH_PATHS = "$(inherited) @executable_path/Frameworks";
				PRODUCT_BUNDLE_IDENTIFIER = uk.co.flexmonkey.BristlePaint;
				PRODUCT_NAME = "$(TARGET_NAME)";
			};
			name = Debug;
		};
		3EE17B3C1C1A105E00189FFB /* Release */ = {
			isa = XCBuildConfiguration;
			buildSettings = {
				ASSETCATALOG_COMPILER_APPICON_NAME = AppIcon;
				INFOPLIST_FILE = BristlePaint/Info.plist;
				LD_RUNPATH_SEARCH_PATHS = "$(inherited) @executable_path/Frameworks";
				PRODUCT_BUNDLE_IDENTIFIER = uk.co.flexmonkey.BristlePaint;
				PRODUCT_NAME = "$(TARGET_NAME)";
			};
			name = Release;
		};
/* End XCBuildConfiguration section */

/* Begin XCConfigurationList section */
		3EE17B231C1A105E00189FFB /* Build configuration list for PBXProject "BristlePaint" */ = {
			isa = XCConfigurationList;
			buildConfigurations = (
				3EE17B381C1A105E00189FFB /* Debug */,
				3EE17B391C1A105E00189FFB /* Release */,
			);
			defaultConfigurationIsVisible = 0;
			defaultConfigurationName = Release;
		};
		3EE17B3A1C1A105E00189FFB /* Build configuration list for PBXNativeTarget "BristlePaint" */ = {
			isa = XCConfigurationList;
			buildConfigurations = (
				3EE17B3B1C1A105E00189FFB /* Debug */,
				3EE17B3C1C1A105E00189FFB /* Release */,
			);
			defaultConfigurationIsVisible = 0;
		};
/* End XCConfigurationList section */
	};
	rootObject = 3EE17B201C1A105E00189FFB /* Project object */;
}
